
Microsoft Visual Studio Solution File, Format Version 12.00
# Visual Studio Version 17
VisualStudioVersion = 17.4.33213.308
MinimumVisualStudioVersion = 10.0.40219.1
Project("{FAE04EC0-301F-11D3-BF4B-00C04F79EFBC}") = "APIeltiempo", "APIeltiempo\APIeltiempo.csproj", "{721E3BBB-EFA3-4807-A75F-18B7B7F893B3}"
EndProject
Global
	GlobalSection(SolutionConfigurationPlatforms) = preSolution
		Debug|Any CPU = Debug|Any CPU
		Release|Any CPU = Release|Any CPU
	EndGlobalSection
	GlobalSection(ProjectConfigurationPlatforms) = postSolution
		{721E3BBB-EFA3-4807-A75F-18B7B7F893B3}.Debug|Any CPU.ActiveCfg = Debug|Any CPU
		{721E3BBB-EFA3-4807-A75F-18B7B7F893B3}.Debug|Any CPU.Build.0 = Debug|Any CPU
		{721E3BBB-EFA3-4807-A75F-18B7B7F893B3}.Release|Any CPU.ActiveCfg = Release|Any CPU
		{721E3BBB-EFA3-4807-A75F-18B7B7F893B3}.Release|Any CPU.Build.0 = Release|Any CPU
	EndGlobalSection
	GlobalSection(SolutionProperties) = preSolution
		HideSolutionNode = FALSE
	EndGlobalSection
	GlobalSection(ExtensibilityGlobals) = postSolution
		SolutionGuid = {71AB04B5-A472-40BC-8F15-C7A99CAE1DA5}
	EndGlobalSection
EndGlobal
